lockfileVersion: '9.0'

settings:
  autoInstallPeers: true
  excludeLinksFromLockfile: false

importers:

  .:
    dependencies:
      '@chill-institute/contracts':
        specifier: file:../../..
        version: file:../../..

packages:

  '@bufbuild/protobuf@2.12.0':
    resolution: {integrity: sha512-B/XlCaFIP8LOwzo+bz5uFzATYokcwCKQcghqnlfwSmM5eX/qTkvDBnDPs+gXtX/RyjxJ4DRikECcPJbyALA8FA==}

  '@chill-institute/contracts@file:../../..':
    resolution: {directory: ../../.., type: directory}

snapshots:

  '@bufbuild/protobuf@2.12.0': {}

  '@chill-institute/contracts@file:../../..':
    dependencies:
      '@bufbuild/protobuf': 2.12.0
